
Microsoft Visual Studio Solution File, Format Version 12.00
# Visual Studio Version 17
VisualStudioVersion = 17.14.36212.18
MinimumVisualStudioVersion = 10.0.40219.1
Project("{FAE04EC0-301F-11D3-BF4B-00C04F79EFBC}") = "AlignTech.CSharp.Day1", "AlignTech.CSharp.Day1\AlignTech.CSharp.Day1.csproj", "{A94587C5-33EF-479A-859E-EA38871EEA42}"
EndProject
Project("{FAE04EC0-301F-11D3-BF4B-00C04F79EFBC}") = "AlignTech.CSharp.Day2", "AlignTech.CSharp.Day2\AlignTech.CSharp.Day2.csproj", "{0751FDB3-65D1-4514-B1D2-75B418B30F82}"
EndProject
Project("{FAE04EC0-301F-11D3-BF4B-00C04F79EFBC}") = "AlignTech.CommonLibrary", "AlignTech.CommonLibrary\AlignTech.CommonLibrary.csproj", "{1F08B2C6-201D-47D1-B89D-1A3DEF214A1A}"
EndProject
Project("{FAE04EC0-301F-11D3-BF4B-00C04F79EFBC}") = "AlignTech.CSharp.Day3", "AlignTech.CSharp.Day3\AlignTech.CSharp.Day3.csproj", "{01D78525-2CFF-4DCE-958A-214C9D58208B}"
EndProject
Global
	GlobalSection(SolutionConfigurationPlatforms) = preSolution
		Debug|Any CPU = Debug|Any CPU
		Release|Any CPU = Release|Any CPU
	EndGlobalSection
	GlobalSection(ProjectConfigurationPlatforms) = postSolution
		{A94587C5-33EF-479A-859E-EA38871EEA42}.Debug|Any CPU.ActiveCfg = Debug|Any CPU
		{A94587C5-33EF-479A-859E-EA38871EEA42}.Debug|Any CPU.Build.0 = Debug|Any CPU
		{A94587C5-33EF-479A-859E-EA38871EEA42}.Release|Any CPU.ActiveCfg = Release|Any CPU
		{A94587C5-33EF-479A-859E-EA38871EEA42}.Release|Any CPU.Build.0 = Release|Any CPU
		{0751FDB3-65D1-4514-B1D2-75B418B30F82}.Debug|Any CPU.ActiveCfg = Debug|Any CPU
		{0751FDB3-65D1-4514-B1D2-75B418B30F82}.Debug|Any CPU.Build.0 = Debug|Any CPU
		{0751FDB3-65D1-4514-B1D2-75B418B30F82}.Release|Any CPU.ActiveCfg = Release|Any CPU
		{0751FDB3-65D1-4514-B1D2-75B418B30F82}.Release|Any CPU.Build.0 = Release|Any CPU
		{1F08B2C6-201D-47D1-B89D-1A3DEF214A1A}.Debug|Any CPU.ActiveCfg = Debug|Any CPU
		{1F08B2C6-201D-47D1-B89D-1A3DEF214A1A}.Debug|Any CPU.Build.0 = Debug|Any CPU
		{1F08B2C6-201D-47D1-B89D-1A3DEF214A1A}.Release|Any CPU.ActiveCfg = Release|Any CPU
		{1F08B2C6-201D-47D1-B89D-1A3DEF214A1A}.Release|Any CPU.Build.0 = Release|Any CPU
		{01D78525-2CFF-4DCE-958A-214C9D58208B}.Debug|Any CPU.ActiveCfg = Debug|Any CPU
		{01D78525-2CFF-4DCE-958A-214C9D58208B}.Debug|Any CPU.Build.0 = Debug|Any CPU
		{01D78525-2CFF-4DCE-958A-214C9D58208B}.Release|Any CPU.ActiveCfg = Release|Any CPU
		{01D78525-2CFF-4DCE-958A-214C9D58208B}.Release|Any CPU.Build.0 = Release|Any CPU
	EndGlobalSection
	GlobalSection(SolutionProperties) = preSolution
		HideSolutionNode = FALSE
	EndGlobalSection
	GlobalSection(ExtensibilityGlobals) = postSolution
		SolutionGuid = {2F4F3A39-CFC5-4309-8717-AC0BB5099F57}
	EndGlobalSection
EndGlobal
